// !$*UTF8*$!
{
	archiveVersion = 1;
	classes = {
	};
	objectVersion = 46;
	objects = {

/* Begin PBXBuildFile section */
		99448C8B1C195BD8001AAA0A /* main.m in Sources */ = {isa = PBXBuildFile; fileRef = 99448C8A1C195BD8001AAA0A /* main.m */; };
		99448C8E1C195BD8001AAA0A /* AppDelegate.m in Sources */ = {isa = PBXBuildFile; fileRef = 99448C8D1C195BD8001AAA0A /* AppDelegate.m */; };
		99448C941C195BD8001AAA0A /* Main.storyboard in Resources */ = {isa = PBXBuildFile; fileRef = 99448C921C195BD8001AAA0A /* Main.storyboard */; };
		99448C961C195BD8001AAA0A /* Assets.xcassets in Resources */ = {isa = PBXBuildFile; fileRef = 99448C951C195BD8001AAA0A /* Assets.xcassets */; };
		99448C991C195BD8001AAA0A /* LaunchScreen.storyboard in Resources */ = {isa = PBXBuildFile; fileRef = 99448C971C195BD8001AAA0A /* LaunchScreen.storyboard */; };
		99448CAB1C195CD6001AAA0A /* WbLabel.m in Sources */ = {isa = PBXBuildFile; fileRef = 99448CAA1C195CD6001AAA0A /* WbLabel.m */; settings = {ASSET_TAGS = (); }; };
		99448CAE1C195D59001AAA0A /* TableViewCell.m in Sources */ = {isa = PBXBuildFile; fileRef = 99448CAD1C195D59001AAA0A /* TableViewCell.m */; settings = {ASSET_TAGS = (); }; };
		99448CB11C195E59001AAA0A /* TableViewController.m in Sources */ = {isa = PBXBuildFile; fileRef = 99448CB01C195E59001AAA0A /* TableViewController.m */; settings = {ASSET_TAGS = (); }; };
		997D0CF71C1A6CB000592054 /* WBModel.m in Sources */ = {isa = PBXBuildFile; fileRef = 997D0CF61C1A6CB000592054 /* WBModel.m */; settings = {ASSET_TAGS = (); }; };
/* End PBXBuildFile section */

/* Begin PBXFileReference section */
		99448C861C195BD8001AAA0A /* WbLabel.app */ = {isa = PBXFileReference; explicitFileType = wrapper.application; includeInIndex = 0; path = WbLabel.app; sourceTree = BUILT_PRODUCTS_DIR; };
		99448C8A1C195BD8001AAA0A /* main.m */ = {isa = PBXFileReference; lastKnownFileType = sourcecode.c.objc; path = main.m; sourceTree = "<group>"; };
		99448C8C1C195BD8001AAA0A /* AppDelegate.h */ = {isa = PBXFileReference; lastKnownFileType = sourcecode.c.h; path = AppDelegate.h; sourceTree = "<group>"; };
		99448C8D1C195BD8001AAA0A /* AppDelegate.m */ = {isa = PBXFileReference; lastKnownFileType = sourcecode.c.objc; path = AppDelegate.m; sourceTree = "<group>"; };
		99448C931C195BD8001AAA0A /* Base */ = {isa = PBXFileReference; lastKnownFileType = file.storyboard; name = Base; path = Base.lproj/Main.storyboard; sourceTree = "<group>"; };
		99448C951C195BD8001AAA0A /* Assets.xcassets */ = {isa = PBXFileReference; lastKnownFileType = folder.assetcatalog; path = Assets.xcassets; sourceTree = "<group>"; };
		99448C981C195BD8001AAA0A /* Base */ = {isa = PBXFileReference; lastKnownFileType = file.storyboard; name = Base; path = Base.lproj/LaunchScreen.storyboard; sourceTree = "<group>"; };
		99448C9A1C195BD8001AAA0A /* Info.plist */ = {isa = PBXFileReference; lastKnownFileType = text.plist.xml; path = Info.plist; sourceTree = "<group>"; };
		99448CA91C195CD6001AAA0A /* WbLabel.h */ = {isa = PBXFileReference; fileEncoding = 4; lastKnownFileType = sourcecode.c.h; path = WbLabel.h; sourceTree = "<group>"; };
		99448CAA1C195CD6001AAA0A /* WbLabel.m */ = {isa = PBXFileReference; fileEncoding = 4; lastKnownFileType = sourcecode.c.objc; path = WbLabel.m; sourceTree = "<group>"; };
		99448CAC1C195D59001AAA0A /* TableViewCell.h */ = {isa = PBXFileReference; fileEncoding = 4; lastKnownFileType = sourcecode.c.h; path = TableViewCell.h; sourceTree = "<group>"; };
		99448CAD1C195D59001AAA0A /* TableViewCell.m */ = {isa = PBXFileReference; fileEncoding = 4; lastKnownFileType = sourcecode.c.objc; path = TableViewCell.m; sourceTree = "<group>"; };
		99448CAF1C195E59001AAA0A /* TableViewController.h */ = {isa = PBXFileReference; fileEncoding = 4; lastKnownFileType = sourcecode.c.h; path = TableViewController.h; sourceTree = "<group>"; };
		99448CB01C195E59001AAA0A /* TableViewController.m */ = {isa = PBXFileReference; fileEncoding = 4; lastKnownFileType = sourcecode.c.objc; path = TableViewController.m; sourceTree = "<group>"; };
		997D0CF51C1A6CB000592054 /* WBModel.h */ = {isa = PBXFileReference; fileEncoding = 4; lastKnownFileType = sourcecode.c.h; path = WBModel.h; sourceTree = "<group>"; };
		997D0CF61C1A6CB000592054 /* WBModel.m */ = {isa = PBXFileReference; fileEncoding = 4; lastKnownFileType = sourcecode.c.objc; path = WBModel.m; sourceTree = "<group>"; };
/* End PBXFileReference section */

/* Begin PBXFrameworksBuildPhase section */
		99448C831C195BD8001AAA0A /* Frameworks */ = {
			isa = PBXFrameworksBuildPhase;
			buildActionMask = 2147483647;
			files = (
			);
			runOnlyForDeploymentPostprocessing = 0;
		};
/* End PBXFrameworksBuildPhase section */

/* Begin PBXGroup section */
		99448C7D1C195BD8001AAA0A = {
			isa = PBXGroup;
			children = (
				99448CA81C195CD6001AAA0A /* Class */,
				99448C881C195BD8001AAA0A /* WbLabel */,
				99448C871C195BD8001AAA0A /* Products */,
			);
			sourceTree = "<group>";
		};
		99448C871C195BD8001AAA0A /* Products */ = {
			isa = PBXGroup;
			children = (
				99448C861C195BD8001AAA0A /* WbLabel.app */,
			);
			name = Products;
			sourceTree = "<group>";
		};
		99448C881C195BD8001AAA0A /* WbLabel */ = {
			isa = PBXGroup;
			children = (
				99448C8C1C195BD8001AAA0A /* AppDelegate.h */,
				99448C8D1C195BD8001AAA0A /* AppDelegate.m */,
				99448CAF1C195E59001AAA0A /* TableViewController.h */,
				99448CB01C195E59001AAA0A /* TableViewController.m */,
				99448CAC1C195D59001AAA0A /* TableViewCell.h */,
				99448CAD1C195D59001AAA0A /* TableViewCell.m */,
				99448C921C195BD8001AAA0A /* Main.storyboard */,
				99448C951C195BD8001AAA0A /* Assets.xcassets */,
				99448C971C195BD8001AAA0A /* LaunchScreen.storyboard */,
				99448C9A1C195BD8001AAA0A /* Info.plist */,
				99448C891C195BD8001AAA0A /* Supporting Files */,
			);
			path = WbLabel;
			sourceTree = "<group>";
		};
		99448C891C195BD8001AAA0A /* Supporting Files */ = {
			isa = PBXGroup;
			children = (
				99448C8A1C195BD8001AAA0A /* main.m */,
			);
			name = "Supporting Files";
			sourceTree = "<group>";
		};
		99448CA81C195CD6001AAA0A /* Class */ = {
			isa = PBXGroup;
			children = (
				997D0CF51C1A6CB000592054 /* WBModel.h */,
				997D0CF61C1A6CB000592054 /* WBModel.m */,
				99448CA91C195CD6001AAA0A /* WbLabel.h */,
				99448CAA1C195CD6001AAA0A /* WbLabel.m */,
			);
			path = Class;
			sourceTree = "<group>";
		};
/* End PBXGroup section */

/* Begin PBXNativeTarget section */
		99448C851C195BD8001AAA0A /* WbLabel */ = {
			isa = PBXNativeTarget;
			buildConfigurationList = 99448C9D1C195BD8001AAA0A /* Build configuration list for PBXNativeTarget "WbLabel" */;
			buildPhases = (
				99448C821C195BD8001AAA0A /* Sources */,
				99448C831C195BD8001AAA0A /* Frameworks */,
				99448C841C195BD8001AAA0A /* Resources */,
			);
			buildRules = (
			);
			dependencies = (
			);
			name = WbLabel;
			productName = WbLabel;
			productReference = 99448C861C195BD8001AAA0A /* WbLabel.app */;
			productType = "com.apple.product-type.application";
		};
/* End PBXNativeTarget section */

/* Begin PBXProject section */
		99448C7E1C195BD8001AAA0A /* Project object */ = {
			isa = PBXProject;
			attributes = {
				LastUpgradeCheck = 0700;
				ORGANIZATIONNAME = "Baird-weng";
				TargetAttributes = {
					99448C851C195BD8001AAA0A = {
						CreatedOnToolsVersion = 7.0;
					};
				};
			};
			buildConfigurationList = 99448C811C195BD8001AAA0A /* Build configuration list for PBXProject "WbLabel" */;
			compatibilityVersion = "Xcode 3.2";
			developmentRegion = English;
			hasScannedForEncodings = 0;
			knownRegions = (
				en,
				Base,
			);
			mainGroup = 99448C7D1C195BD8001AAA0A;
			productRefGroup = 99448C871C195BD8001AAA0A /* Products */;
			projectDirPath = "";
			projectRoot = "";
			targets = (
				99448C851C195BD8001AAA0A /* WbLabel */,
			);
		};
/* End PBXProject section */

/* Begin PBXResourcesBuildPhase section */
		99448C841C195BD8001AAA0A /* Resources */ = {
			isa = PBXResourcesBuildPhase;
			buildActionMask = 2147483647;
			files = (
				99448C991C195BD8001AAA0A /* LaunchScreen.storyboard in Resources */,
				99448C961C195BD8001AAA0A /* Assets.xcassets in Resources */,
				99448C941C195BD8001AAA0A /* Main.storyboard in Resources */,
			);
			runOnlyForDeploymentPostprocessing = 0;
		};
/* End PBXResourcesBuildPhase section */

/* Begin PBXSourcesBuildPhase section */
		99448C821C195BD8001AAA0A /* Sources */ = {
			isa = PBXSourcesBuildPhase;
			buildActionMask = 2147483647;
			files = (
				99448CB11C195E59001AAA0A /* TableViewController.m in Sources */,
				99448CAB1C195CD6001AAA0A /* WbLabel.m in Sources */,
				99448C8E1C195BD8001AAA0A /* AppDelegate.m in Sources */,
				99448CAE1C195D59001AAA0A /* TableViewCell.m in Sources */,
				997D0CF71C1A6CB000592054 /* WBModel.m in Sources */,
				99448C8B1C195BD8001AAA0A /* main.m in Sources */,
			);
			runOnlyForDeploymentPostprocessing = 0;
		};
/* End PBXSourcesBuildPhase section */

/* Begin PBXVariantGroup section */
		99448C921C195BD8001AAA0A /* Main.storyboard */ = {
			isa = PBXVariantGroup;
			children = (
				99448C931C195BD8001AAA0A /* Base */,
			);
			name = Main.storyboard;
			sourceTree = "<group>";
		};
		99448C971C195BD8001AAA0A /* LaunchScreen.storyboard */ = {
			isa = PBXVariantGroup;
			children = (
				99448C981C195BD8001AAA0A /* Base */,
			);
			name = LaunchScreen.storyboard;
			sourceTree = "<group>";
		};
/* End PBXVariantGroup section */

/* Begin XCBuildConfiguration section */
		99448C9B1C195BD8001AAA0A /* Debug */ = {
			isa = XCBuildConfiguration;
			buildSettings = {
				ALWAYS_SEARCH_USER_PATHS = NO;
				CLANG_CXX_LANGUAGE_STANDARD = "gnu++0x";
				CLANG_CXX_LIBRARY = "libc++";
				CLANG_ENABLE_MODULES = YES;
				CLANG_ENABLE_OBJC_ARC = YES;
				CLANG_WARN_BOOL_CONVERSION = YES;
				CLANG_WARN_CONSTANT_CONVERSION = YES;
				CLANG_WARN_DIRECT_OBJC_ISA_USAGE = YES_ERROR;
				CLANG_WARN_EMPTY_BODY = YES;
				CLANG_WARN_ENUM_CONVERSION = YES;
				CLANG_WARN_INT_CONVERSION = YES;
				CLANG_WARN_OBJC_ROOT_CLASS = YES_ERROR;
				CLANG_WARN_UNREACHABLE_CODE = YES;
				CLANG_WARN__DUPLICATE_METHOD_MATCH = YES;
				"CODE_SIGN_IDENTITY[sdk=iphoneos*]" = "iPhone Developer";
				COPY_PHASE_STRIP = NO;
				DEBUG_INFORMATION_FORMAT = dwarf;
				ENABLE_STRICT_OBJC_MSGSEND = YES;
				ENABLE_TESTABILITY = YES;
				GCC_C_LANGUAGE_STANDARD = gnu99;
				GCC_DYNAMIC_NO_PIC = NO;
				GCC_NO_COMMON_BLOCKS = YES;
				GCC_OPTIMIZATION_LEVEL = 0;
				GCC_PREPROCESSOR_DEFINITIONS = (
					"DEBUG=1",
					"$(inherited)",
				);
				GCC_WARN_64_TO_32_BIT_CONVERSION = YES;
				GCC_WARN_ABOUT_RETURN_TYPE = YES_ERROR;
				GCC_WARN_UNDECLARED_SELECTOR = YES;
				GCC_WARN_UNINITIALIZED_AUTOS = YES_AGGRESSIVE;
				GCC_WARN_UNUSED_FUNCTION = YES;
				GCC_WARN_UNUSED_VARIABLE = YES;
				IPHONEOS_DEPLOYMENT_TARGET = 9.0;
				MTL_ENABLE_DEBUG_INFO = YES;
				ONLY_ACTIVE_ARCH = YES;
				SDKROOT = iphoneos;
			};
			name = Debug;
		};
		99448C9C1C195BD8001AAA0A /* Release */ = {
			isa = XCBuildConfiguration;
			buildSettings = {
				ALWAYS_SEARCH_USER_PATHS = NO;
				CLANG_CXX_LANGUAGE_STANDARD = "gnu++0x";
				CLANG_CXX_LIBRARY = "libc++";
				CLANG_ENABLE_MODULES = YES;
				CLANG_ENABLE_OBJC_ARC = YES;
				CLANG_WARN_BOOL_CONVERSION = YES;
				CLANG_WARN_CONSTANT_CONVERSION = YES;
				CLANG_WARN_DIRECT_OBJC_ISA_USAGE = YES_ERROR;
				CLANG_WARN_EMPTY_BODY = YES;
				CLANG_WARN_ENUM_CONVERSION = YES;
				CLANG_WARN_INT_CONVERSION = YES;
				CLANG_WARN_OBJC_ROOT_CLASS = YES_ERROR;
				CLANG_WARN_UNREACHABLE_CODE = YES;
				CLANG_WARN__DUPLICATE_METHOD_MATCH = YES;
				"CODE_SIGN_IDENTITY[sdk=iphoneos*]" = "iPhone Developer";
				COPY_PHASE_STRIP = NO;
				DEBUG_INFORMATION_FORMAT = "dwarf-with-dsym";
				ENABLE_NS_ASSERTIONS = NO;
				ENABLE_STRICT_OBJC_MSGSEND = YES;
				GCC_C_LANGUAGE_STANDARD = gnu99;
				GCC_NO_COMMON_BLOCKS = YES;
				GCC_WARN_64_TO_32_BIT_CONVERSION = YES;
				GCC_WARN_ABOUT_RETURN_TYPE = YES_ERROR;
				GCC_WARN_UNDECLARED_SELECTOR = YES;
				GCC_WARN_UNINITIALIZED_AUTOS = YES_AGGRESSIVE;
				GCC_WARN_UNUSED_FUNCTION = YES;
				GCC_WARN_UNUSED_VARIABLE = YES;
				IPHONEOS_DEPLOYMENT_TARGET = 9.0;
				MTL_ENABLE_DEBUG_INFO = NO;
				SDKROOT = iphoneos;
				VALIDATE_PRODUCT = YES;
			};
			name = Release;
		};
		99448C9E1C195BD8001AAA0A /* Debug */ = {
			isa = XCBuildConfiguration;
			buildSettings = {
				ASSETCATALOG_COMPILER_APPICON_NAME = AppIcon;
				INFOPLIST_FILE = WbLabel/Info.plist;
				LD_RUNPATH_SEARCH_PATHS = "$(inherited) @executable_path/Frameworks";
				PRODUCT_BUNDLE_IDENTIFIER = com.Bwtech.cn.WbLabel;
				PRODUCT_NAME = "$(TARGET_NAME)";
			};
			name = Debug;
		};
		99448C9F1C195BD8001AAA0A /* Release */ = {
			isa = XCBuildConfiguration;
			buildSettings = {
				ASSETCATALOG_COMPILER_APPICON_NAME = AppIcon;
				INFOPLIST_FILE = WbLabel/Info.plist;
				LD_RUNPATH_SEARCH_PATHS = "$(inherited) @executable_path/Frameworks";
				PRODUCT_BUNDLE_IDENTIFIER = com.Bwtech.cn.WbLabel;
				PRODUCT_NAME = "$(TARGET_NAME)";
			};
			name = Release;
		};
/* End XCBuildConfiguration section */

/* Begin XCConfigurationList section */
		99448C811C195BD8001AAA0A /* Build configuration list for PBXProject "WbLabel" */ = {
			isa = XCConfigurationList;
			buildConfigurations = (
				99448C9B1C195BD8001AAA0A /* Debug */,
				99448C9C1C195BD8001AAA0A /* Release */,
			);
			defaultConfigurationIsVisible = 0;
			defaultConfigurationName = Release;
		};
		99448C9D1C195BD8001AAA0A /* Build configuration list for PBXNativeTarget "WbLabel" */ = {
			isa = XCConfigurationList;
			buildConfigurations = (
				99448C9E1C195BD8001AAA0A /* Debug */,
				99448C9F1C195BD8001AAA0A /* Release */,
			);
			defaultConfigurationIsVisible = 0;
			defaultConfigurationName = Release;
		};
/* End XCConfigurationList section */
	};
	rootObject = 99448C7E1C195BD8001AAA0A /* Project object */;
}
